
Microsoft Visual Studio Solution File, Format Version 12.00
# Visual Studio Version 17
VisualStudioVersion = 17.14.36603.0 d17.14
MinimumVisualStudioVersion = 10.0.40219.1
Project("{2150E333-8FDC-42A3-9474-1A3956D46DE8}") = "Task0", "Task0", "{02EA681E-C7D8-13C7-8484-4AC65E1B71E8}"
EndProject
Project("{FAE04EC0-301F-11D3-BF4B-00C04F79EFBC}") = "Tyuiu.BorisovaAD.Sprint2.Task0.V15.Test", "Tyuiu.BorisovaAD.Sprint2.Task0.V15.Test\Tyuiu.BorisovaAD.Sprint2.Task0.V15.Test.csproj", "{27A41F6D-E2AE-4334-BF25-0A48D08A15EF}"
EndProject
Project("{FAE04EC0-301F-11D3-BF4B-00C04F79EFBC}") = "Tyuiu.BorisovaAD.Sprint2.Task0.V15", "Tyuiu.BorisovaAD.Sprint2.Task0.V15\Tyuiu.BorisovaAD.Sprint2.Task0.V15.csproj", "{71971F9C-2473-4159-A870-4B9B3DFD16B8}"
EndProject
Project("{FAE04EC0-301F-11D3-BF4B-00C04F79EFBC}") = "Tyuiu.BorisovaAD.Sprint2.Task0.V15.Lib", "Tyuiu.BorisovaAD.Sprint2.Task0.V15.Lib\Tyuiu.BorisovaAD.Sprint2.Task0.V15.Lib.csproj", "{80DC9045-A589-41EB-8665-5FC09A1BD617}"
EndProject
Project("{2150E333-8FDC-42A3-9474-1A3956D46DE8}") = "Task1", "Task1", "{DBB6C15C-7F3C-4927-A476-90A4D48310C6}"
EndProject
Project("{FAE04EC0-301F-11D3-BF4B-00C04F79EFBC}") = "Tyuiu.BorisovaAD.Sprint2.Task1.V12.Lib", "Tyuiu.BorisovaAD.Sprint2.Task1.V12.Lib\Tyuiu.BorisovaAD.Sprint2.Task1.V12.Lib.csproj", "{AFCCBDB4-8264-4335-83D9-F98B11F9DED4}"
EndProject
Project("{FAE04EC0-301F-11D3-BF4B-00C04F79EFBC}") = "Tyuiu.BorisovaAD.Sprint2.Task1.V12.Test", "Tyuiu.BorisovaAD.Sprint2.Task1.V12.Test\Tyuiu.BorisovaAD.Sprint2.Task1.V12.Test.csproj", "{73776EB7-565B-489A-9333-302182F9D679}"
EndProject
Project("{FAE04EC0-301F-11D3-BF4B-00C04F79EFBC}") = "Tyuiu.BorisovaAD.Sprint2.Task1.V12", "Tyuiu.BorisovaAD.Sprint2.Task1.V12\Tyuiu.BorisovaAD.Sprint2.Task1.V12.csproj", "{0F1C4BB2-7E0D-408F-BCC5-52791550580F}"
EndProject
Global
	GlobalSection(SolutionConfigurationPlatforms) = preSolution
		Debug|Any CPU = Debug|Any CPU
		Release|Any CPU = Release|Any CPU
	EndGlobalSection
	GlobalSection(ProjectConfigurationPlatforms) = postSolution
		{27A41F6D-E2AE-4334-BF25-0A48D08A15EF}.Debug|Any CPU.ActiveCfg = Debug|Any CPU
		{27A41F6D-E2AE-4334-BF25-0A48D08A15EF}.Debug|Any CPU.Build.0 = Debug|Any CPU
		{27A41F6D-E2AE-4334-BF25-0A48D08A15EF}.Release|Any CPU.ActiveCfg = Release|Any CPU
		{27A41F6D-E2AE-4334-BF25-0A48D08A15EF}.Release|Any CPU.Build.0 = Release|Any CPU
		{71971F9C-2473-4159-A870-4B9B3DFD16B8}.Debug|Any CPU.ActiveCfg = Debug|Any CPU
		{71971F9C-2473-4159-A870-4B9B3DFD16B8}.Debug|Any CPU.Build.0 = Debug|Any CPU
		{71971F9C-2473-4159-A870-4B9B3DFD16B8}.Release|Any CPU.ActiveCfg = Release|Any CPU
		{71971F9C-2473-4159-A870-4B9B3DFD16B8}.Release|Any CPU.Build.0 = Release|Any CPU
		{80DC9045-A589-41EB-8665-5FC09A1BD617}.Debug|Any CPU.ActiveCfg = Debug|Any CPU
		{80DC9045-A589-41EB-8665-5FC09A1BD617}.Debug|Any CPU.Build.0 = Debug|Any CPU
		{80DC9045-A589-41EB-8665-5FC09A1BD617}.Release|Any CPU.ActiveCfg = Release|Any CPU
		{80DC9045-A589-41EB-8665-5FC09A1BD617}.Release|Any CPU.Build.0 = Release|Any CPU
		{AFCCBDB4-8264-4335-83D9-F98B11F9DED4}.Debug|Any CPU.ActiveCfg = Debug|Any CPU
		{AFCCBDB4-8264-4335-83D9-F98B11F9DED4}.Debug|Any CPU.Build.0 = Debug|Any CPU
		{AFCCBDB4-8264-4335-83D9-F98B11F9DED4}.Release|Any CPU.ActiveCfg = Release|Any CPU
		{AFCCBDB4-8264-4335-83D9-F98B11F9DED4}.Release|Any CPU.Build.0 = Release|Any CPU
		{73776EB7-565B-489A-9333-302182F9D679}.Debug|Any CPU.ActiveCfg = Debug|Any CPU
		{73776EB7-565B-489A-9333-302182F9D679}.Debug|Any CPU.Build.0 = Debug|Any CPU
		{73776EB7-565B-489A-9333-302182F9D679}.Release|Any CPU.ActiveCfg = Release|Any CPU
		{73776EB7-565B-489A-9333-302182F9D679}.Release|Any CPU.Build.0 = Release|Any CPU
		{0F1C4BB2-7E0D-408F-BCC5-52791550580F}.Debug|Any CPU.ActiveCfg = Debug|Any CPU
		{0F1C4BB2-7E0D-408F-BCC5-52791550580F}.Debug|Any CPU.Build.0 = Debug|Any CPU
		{0F1C4BB2-7E0D-408F-BCC5-52791550580F}.Release|Any CPU.ActiveCfg = Release|Any CPU
		{0F1C4BB2-7E0D-408F-BCC5-52791550580F}.Release|Any CPU.Build.0 = Release|Any CPU
	EndGlobalSection
	GlobalSection(SolutionProperties) = preSolution
		HideSolutionNode = FALSE
	EndGlobalSection
	GlobalSection(NestedProjects) = preSolution
		{27A41F6D-E2AE-4334-BF25-0A48D08A15EF} = {02EA681E-C7D8-13C7-8484-4AC65E1B71E8}
		{71971F9C-2473-4159-A870-4B9B3DFD16B8} = {02EA681E-C7D8-13C7-8484-4AC65E1B71E8}
		{80DC9045-A589-41EB-8665-5FC09A1BD617} = {02EA681E-C7D8-13C7-8484-4AC65E1B71E8}
		{AFCCBDB4-8264-4335-83D9-F98B11F9DED4} = {DBB6C15C-7F3C-4927-A476-90A4D48310C6}
		{73776EB7-565B-489A-9333-302182F9D679} = {DBB6C15C-7F3C-4927-A476-90A4D48310C6}
		{0F1C4BB2-7E0D-408F-BCC5-52791550580F} = {DBB6C15C-7F3C-4927-A476-90A4D48310C6}
	EndGlobalSection
	GlobalSection(ExtensibilityGlobals) = postSolution
		SolutionGuid = {CADCD8EE-23BF-42BD-9943-B0456C74D8B2}
	EndGlobalSection
EndGlobal
